# This file is auto-generated by scripts/dev/build_wheels.py
# Do not edit manually.
fastapi==0.110.2 --hash=sha256:239403f2c0a3dda07a9420f95157a7f014ddb2b770acdbc984f9bdf3ead7afdb
uvicorn==0.29.0 --hash=sha256:2c2aac7ff4f4365c206fd773a39bf4ebd1047c238f8b8268ad996829323473de
httpx==0.27.0 --hash=sha256:71d5465162c13681bff01ad59b2cc68dd838ea1f10e51574bac27103f00c91a5
pydantic==2.7.4 --hash=sha256:ee8538d41ccb9c0a9ad3e0e5f07bf15ed8015b481ced539a1759d8cc89ae90d0
python-dotenv==1.0.1 --hash=sha256:f7b63ef50f1b690dddf550d03497b66d609393b40b564ed0d674909a68ebf16a
typer==0.12.3 --hash=sha256:070d7ca53f785acbccba8e7d28b08dcd88f79f1fbda035ade0aecec71ca5c914
loguru==0.7.2 --hash=sha256:003d71e3d3ed35f0f8984898359d65b79e5b21943f78af86aa5491210429b8eb
sentence-transformers==2.7.0 --hash=sha256:6a7276b05a95931581bbfa4ba49d780b2cf6904fa4a171ec7fd66c343f761c98
faiss-cpu==1.8.0.post1 --hash=sha256:8756f1d93faba56349883fa2f5d47fe36bb2f11f789200c6b1c691ef805485f2
rank-bm25==0.2.2 --hash=sha256:7bd4a95571adadfc271746fa146a4bcfd89c0cf731e49c3d1ad863290adbe8ae
numpy==1.26.4 --hash=sha256:08beddf13648eb95f8d867350f6a018a4be2e5ad54c8d8caed89ebca558b2818
pandas==2.2.2 --hash=sha256:d187d355ecec3629624fccb01d104da7d7f391db0311145817525281e2804d23
scikit-learn==1.4.2 --hash=sha256:d762070980c17ba3e9a4a1e043ba0518ce4c55152032f1af0ca6f39b376b5928
nltk==3.8.1 --hash=sha256:fd5c9109f976fa86bcadba8f91e47f5e9293bd034474752e92a520f81c93dda5
opencv-python==4.9.0.80 --hash=sha256:3f16f08e02b2a2da44259c7cc712e779eff1dd8b55fdb0323e8cab09548086c0
pillow==10.3.0 --hash=sha256:412444afb8c4c7a6cc11a47dade32982439925537e483be7c0ae0cf96c4f6a0b
pdfplumber==0.11.0 --hash=sha256:be41686fe9515da5f54fad254e2b6941a723b9afe99eb92008df30880b6d61b3
python-docx==1.1.0 --hash=sha256:bac9773278098a1ddc43a52d84e22f5909c4a3080a624530b3ecb3771b07c6cd
pytesseract==0.3.10 --hash=sha256:8f22cc98f765bf13517ead0c70effedb46c153540d25783e04014f28b55a5fc6
PyMuPDF==1.24.3 --hash=sha256:4f084f735e2e2d21f2c76de1abdcb44261889ec01a2842b57e69c89502f74b7a
watchdog==4.0.1 --hash=sha256:7577b3c43e5909623149f76b099ac49a1a01ca4e167d1785c76eb52fa585745a
vosk==0.3.45 --hash=sha256:6994ddc68556c7e5730c3b6f6bad13320e3519b13ce3ed2aa25a86724e7c10ac
pyaudio==0.2.14 --hash=sha256:12f2f1ba04e06ff95d80700a78967897a489c05e093e3bffa05a84ed9c0a7fa3
schedule==1.2.1 --hash=sha256:14cdeb083a596aa1de6dc77639a1b2ac8bf6eaafa82b1c9279d3612823063d01
packaging==24.0 --hash=sha256:2ddfb553fdf02fb784c234c7ba6ccc288296ceabec964ad2eae3777778130bc5
ruff==0.4.6 --hash=sha256:a769ae07ac74ff1a019d6bd529426427c3e30d75bdf1e08bb3d46ac8f417326a
black==24.4.2 --hash=sha256:415e686e87dbbe6f4cd5ef0fbf764af7b89f9057b97c908742b6008cc554b9c0
isort==5.13.2 --hash=sha256:8ca5e72a8d85860d5a3fa69b8745237f2939afe12dbf656afbcb47fe72d947a6
pre-commit==3.7.0 --hash=sha256:5eae9e10c2b5ac51577c3452ec0a490455c45a0533f7960f993a0d01e59decab
